{
  "nodes": {
    "home-manager": {
      "inputs": {
        "nixpkgs": [
          "nixpkgs"
        ]
      },
      "locked": {
        "lastModified": 1689495077,
        "narHash": "sha256-hmAqKvtDGlwNa41pZHP6mUoZq0yBnhkawcr8dxRzo6g=",
        "owner": "nix-community",
        "repo": "home-manager",
        "rev": "232fe3d450dac73e55cf6fd2d73600c6cb82cd8b",
        "type": "github"
      },
      "original": {
        "owner": "nix-community",
        "repo": "home-manager",
        "type": "github"
      }
    },
    "hypr-contrib": {
      "inputs": {
        "nixpkgs": "nixpkgs"
      },
      "locked": {
        "lastModified": 1688849364,
        "narHash": "sha256-gW4x5YiCWFlckFiaLZo+RWJa1IyQ2Cx4jTrJzNy1OzQ=",
        "owner": "hyprwm",
        "repo": "contrib",
        "rev": "3126196e7ed609e7c427a39dc126ea067de62a65",
        "type": "github"
      },
      "original": {
        "owner": "hyprwm",
        "repo": "contrib",
        "type": "github"
      }
    },
    "hyprland": {
      "inputs": {
        "hyprland-protocols": "hyprland-protocols",
        "nixpkgs": [
          "nixpkgs"
        ],
        "wlroots": "wlroots",
        "xdph": "xdph"
      },
      "locked": {
        "lastModified": 1689455405,
        "narHash": "sha256-a/jPdb8JGMDqH0RAxdbeMJRccIOvGqIGQSx9ETMHMPY=",
        "owner": "hyprwm",
        "repo": "Hyprland",
        "rev": "3229862dd4cbfa93638a4d16ed86ec2fda5d38a6",
        "type": "github"
      },
      "original": {
        "owner": "hyprwm",
        "repo": "Hyprland",
        "type": "github"
      }
    },
    "hyprland-protocols": {
      "inputs": {
        "nixpkgs": [
          "hyprland",
          "nixpkgs"
        ]
      },
      "locked": {
        "lastModified": 1684265364,
        "narHash": "sha256-AxNnWbthsuNx73HDQr0eBxrcE3+yfl/WsaXZqUFmkpQ=",
        "owner": "hyprwm",
        "repo": "hyprland-protocols",
        "rev": "8c279b9fb0f2b031427dc5ef4eab53f2ed835530",
        "type": "github"
      },
      "original": {
        "owner": "hyprwm",
        "repo": "hyprland-protocols",
        "type": "github"
      }
    },
    "hyprpicker": {
      "inputs": {
        "nixpkgs": "nixpkgs_2"
      },
      "locked": {
        "lastModified": 1687865626,
        "narHash": "sha256-loVzVNxrWwRKSqya2Ucfn8zcPgl19Li6q6Px4nDqpW4=",
        "owner": "hyprwm",
        "repo": "hyprpicker",
        "rev": "0889bd5f6f47847de50be021437775542ef2e91c",
        "type": "github"
      },
      "original": {
        "owner": "hyprwm",
        "repo": "hyprpicker",
        "type": "github"
      }
    },
    "nixpkgs": {
      "locked": {
        "lastModified": 1658161305,
        "narHash": "sha256-X/nhnMCa1Wx4YapsspyAs6QYz6T/85FofrI6NpdPDHg=",
        "owner": "NixOS",
        "repo": "nixpkgs",
        "rev": "e4d49de45a3b5dbcb881656b4e3986e666141ea9",
        "type": "github"
      },
      "original": {
        "owner": "NixOS",
        "ref": "nixos-unstable",
        "repo": "nixpkgs",
        "type": "github"
      }
    },
    "nixpkgs_2": {
      "locked": {
        "lastModified": 1683014792,
        "narHash": "sha256-6Va9iVtmmsw4raBc3QKvQT2KT/NGRWlvUlJj46zN8B8=",
        "owner": "NixOS",
        "repo": "nixpkgs",
        "rev": "1a411f23ba299db155a5b45d5e145b85a7aafc42",
        "type": "github"
      },
      "original": {
        "owner": "NixOS",
        "ref": "nixos-unstable",
        "repo": "nixpkgs",
        "type": "github"
      }
    },
    "nixpkgs_3": {
      "locked": {
        "lastModified": 1689444953,
        "narHash": "sha256-0o56bfb2LC38wrinPdCGLDScd77LVcr7CrH1zK7qvDg=",
        "owner": "nixos",
        "repo": "nixpkgs",
        "rev": "8acef304efe70152463a6399f73e636bcc363813",
        "type": "github"
      },
      "original": {
        "owner": "nixos",
        "ref": "nixos-unstable",
        "repo": "nixpkgs",
        "type": "github"
      }
    },
    "nur": {
      "locked": {
        "lastModified": 1689489378,
        "narHash": "sha256-ft3Y6GbgyDRJP8bM1R9tS+XHapBJgMkO0+qMutAiPqc=",
        "owner": "nix-community",
        "repo": "NUR",
        "rev": "db4e975c47c87e7719d1efe2465e3b8730b9fd58",
        "type": "github"
      },
      "original": {
        "owner": "nix-community",
        "repo": "NUR",
        "type": "github"
      }
    },
    "root": {
      "inputs": {
        "home-manager": "home-manager",
        "hypr-contrib": "hypr-contrib",
        "hyprland": "hyprland",
        "hyprpicker": "hyprpicker",
        "nixpkgs": "nixpkgs_3",
        "nur": "nur"
      }
    },
    "wlroots": {
      "flake": false,
      "locked": {
        "host": "gitlab.freedesktop.org",
        "lastModified": 1686753331,
        "narHash": "sha256-KovjVFwcuoUO0eu/UiWrnD3+m/K+SHSAVIz4xF9K1XA=",
        "owner": "wlroots",
        "repo": "wlroots",
        "rev": "7e7633abf09b362d0bad9e3fc650fd692369291d",
        "type": "gitlab"
      },
      "original": {
        "host": "gitlab.freedesktop.org",
        "owner": "wlroots",
        "repo": "wlroots",
        "type": "gitlab"
      }
    },
    "xdph": {
      "inputs": {
        "hyprland-protocols": [
          "hyprland",
          "hyprland-protocols"
        ],
        "nixpkgs": [
          "hyprland",
          "nixpkgs"
        ]
      },
      "locked": {
        "lastModified": 1685385764,
        "narHash": "sha256-r+XMyOoRXq+hlfjayb+fyi9kq2JK48TrwuNIAXqlj7U=",
        "owner": "hyprwm",
        "repo": "xdg-desktop-portal-hyprland",
        "rev": "4d9ff0c17716936e0b5ca577a39e263633901ed1",
        "type": "github"
      },
      "original": {
        "owner": "hyprwm",
        "repo": "xdg-desktop-portal-hyprland",
        "type": "github"
      }
    }
  },
  "root": "root",
  "version": 7
}
